{
  "name": "NoteTaker",
  "version": "0.0.1",
  "lockfileVersion": 1,
  "requires": true,
  "dependencies": {
    "lodash.noop": {
      "version": "3.0.1",
      "resolved": "https://registry.npmjs.org/lodash.noop/-/lodash.noop-3.0.1.tgz",
      "integrity": "sha1-OBiPTWUKOkdCWEObluxFsyYXEzw="
    },
    "replace-array-index": {
      "version": "0.0.1",
      "resolved": "https://registry.npmjs.org/replace-array-index/-/replace-array-index-0.0.1.tgz",
      "integrity": "sha512-ifDkHkid0eaQmLXkTH7+d73xtPfXGTZPutWGiR2SDylm5I2LjAPCk+R4ItR/7VmktZ+kTyBQQ2HUKlppKeuBgQ=="
    }
  }
}
